// !$*UTF8*$!
{
	archiveVersion = 1;
	classes = {
	};
	objectVersion = 50;
	objects = {

/* Begin PBXBuildFile section */
		1E75400488C7BC56970FCECB /* Pods_GasApp.framework in Frameworks */ = {isa = PBXBuildFile; fileRef = 3C4FD36AF534DDE6863F5EFB /* Pods_GasApp.framework */; };
		5C17B1B1C45C9091255C8D6E /* Pods_GasAppUITests.framework in Frameworks */ = {isa = PBXBuildFile; fileRef = DCA71A61ADD2DF90E28EE647 /* Pods_GasAppUITests.framework */; };
		78585E1EBF14E470B984AC4A /* Pods_GasAppTests.framework in Frameworks */ = {isa = PBXBuildFile; fileRef = 5B6D4C17A13C0378139917DB /* Pods_GasAppTests.framework */; };
		CE799F1721EA259F0010F67C /* images-3.png in Resources */ = {isa = PBXBuildFile; fileRef = CE799F1421EA259E0010F67C /* images-3.png */; };
		CE799F1821EA259F0010F67C /* images.png in Resources */ = {isa = PBXBuildFile; fileRef = CE799F1521EA259E0010F67C /* images.png */; };
		CE799F1921EA259F0010F67C /* images-2.png in Resources */ = {isa = PBXBuildFile; fileRef = CE799F1621EA259F0010F67C /* images-2.png */; };
		CE799F1B21EA26550010F67C /* ViewControllerTableViewCell.swift in Sources */ = {isa = PBXBuildFile; fileRef = CE799F1A21EA26550010F67C /* ViewControllerTableViewCell.swift */; };
		CEB7943F21E65DA80067C1AF /* AppDelegate.swift in Sources */ = {isa = PBXBuildFile; fileRef = CEB7943E21E65DA80067C1AF /* AppDelegate.swift */; };
		CEB7944121E65DA80067C1AF /* ViewController.swift in Sources */ = {isa = PBXBuildFile; fileRef = CEB7944021E65DA80067C1AF /* ViewController.swift */; };
		CEB7944421E65DA80067C1AF /* Main.storyboard in Resources */ = {isa = PBXBuildFile; fileRef = CEB7944221E65DA80067C1AF /* Main.storyboard */; };
		CEB7944621E65DA80067C1AF /* Assets.xcassets in Resources */ = {isa = PBXBuildFile; fileRef = CEB7944521E65DA80067C1AF /* Assets.xcassets */; };
		CEB7944921E65DA80067C1AF /* LaunchScreen.storyboard in Resources */ = {isa = PBXBuildFile; fileRef = CEB7944721E65DA80067C1AF /* LaunchScreen.storyboard */; };
		CEB7945421E65DA90067C1AF /* GasAppTests.swift in Sources */ = {isa = PBXBuildFile; fileRef = CEB7945321E65DA90067C1AF /* GasAppTests.swift */; };
		CEB7945F21E65DA90067C1AF /* GasAppUITests.swift in Sources */ = {isa = PBXBuildFile; fileRef = CEB7945E21E65DA90067C1AF /* GasAppUITests.swift */; };
		CEB7946D21E6679E0067C1AF /* SignInViewController.swift in Sources */ = {isa = PBXBuildFile; fileRef = CEB7946C21E6679E0067C1AF /* SignInViewController.swift */; };
		CEB7946F21E672270067C1AF /* RegisterViewController.swift in Sources */ = {isa = PBXBuildFile; fileRef = CEB7946E21E672270067C1AF /* RegisterViewController.swift */; };
		CEB7947121E7A9F60067C1AF /* OrderGasViewController.swift in Sources */ = {isa = PBXBuildFile; fileRef = CEB7947021E7A9F60067C1AF /* OrderGasViewController.swift */; };
/* End PBXBuildFile section */

/* Begin PBXContainerItemProxy section */
		CEB7945021E65DA90067C1AF /* PBXContainerItemProxy */ = {
			isa = PBXContainerItemProxy;
			containerPortal = CEB7943321E65DA80067C1AF /* Project object */;
			proxyType = 1;
			remoteGlobalIDString = CEB7943A21E65DA80067C1AF;
			remoteInfo = GasApp;
		};
		CEB7945B21E65DA90067C1AF /* PBXContainerItemProxy */ = {
			isa = PBXContainerItemProxy;
			containerPortal = CEB7943321E65DA80067C1AF /* Project object */;
			proxyType = 1;
			remoteGlobalIDString = CEB7943A21E65DA80067C1AF;
			remoteInfo = GasApp;
		};
/* End PBXContainerItemProxy section */

/* Begin PBXFileReference section */
		15F1D67AA01291CFAA7EB713 /* Pods-GasAppTests.release.xcconfig */ = {isa = PBXFileReference; includeInIndex = 1; lastKnownFileType = text.xcconfig; name = "Pods-GasAppTests.release.xcconfig"; path = "Pods/Target Support Files/Pods-GasAppTests/Pods-GasAppTests.release.xcconfig"; sourceTree = "<group>"; };
		2AA36D05E828881BD9A58815 /* Pods-GasApp.debug.xcconfig */ = {isa = PBXFileReference; includeInIndex = 1; lastKnownFileType = text.xcconfig; name = "Pods-GasApp.debug.xcconfig"; path = "Pods/Target Support Files/Pods-GasApp/Pods-GasApp.debug.xcconfig"; sourceTree = "<group>"; };
		37B75E370DDC935765B030E9 /* Pods-GasApp.release.xcconfig */ = {isa = PBXFileReference; includeInIndex = 1; lastKnownFileType = text.xcconfig; name = "Pods-GasApp.release.xcconfig"; path = "Pods/Target Support Files/Pods-GasApp/Pods-GasApp.release.xcconfig"; sourceTree = "<group>"; };
		3C4FD36AF534DDE6863F5EFB /* Pods_GasApp.framework */ = {isa = PBXFileReference; explicitFileType = wrapper.framework; includeInIndex = 0; path = Pods_GasApp.framework; sourceTree = BUILT_PRODUCTS_DIR; };
		5B6D4C17A13C0378139917DB /* Pods_GasAppTests.framework */ = {isa = PBXFileReference; explicitFileType = wrapper.framework; includeInIndex = 0; path = Pods_GasAppTests.framework; sourceTree = BUILT_PRODUCTS_DIR; };
		75A130F76F1A590D6557A7CF /* Pods-GasAppTests.debug.xcconfig */ = {isa = PBXFileReference; includeInIndex = 1; lastKnownFileType = text.xcconfig; name = "Pods-GasAppTests.debug.xcconfig"; path = "Pods/Target Support Files/Pods-GasAppTests/Pods-GasAppTests.debug.xcconfig"; sourceTree = "<group>"; };
		BC36995B2315F5D3D4F0AEA9 /* Pods-GasAppUITests.release.xcconfig */ = {isa = PBXFileReference; includeInIndex = 1; lastKnownFileType = text.xcconfig; name = "Pods-GasAppUITests.release.xcconfig"; path = "Pods/Target Support Files/Pods-GasAppUITests/Pods-GasAppUITests.release.xcconfig"; sourceTree = "<group>"; };
		CE799F1421EA259E0010F67C /* images-3.png */ = {isa = PBXFileReference; lastKnownFileType = image.png; path = "images-3.png"; sourceTree = "<group>"; };
		CE799F1521EA259E0010F67C /* images.png */ = {isa = PBXFileReference; lastKnownFileType = image.png; path = images.png; sourceTree = "<group>"; };
		CE799F1621EA259F0010F67C /* images-2.png */ = {isa = PBXFileReference; lastKnownFileType = image.png; path = "images-2.png"; sourceTree = "<group>"; };
		CE799F1A21EA26550010F67C /* ViewControllerTableViewCell.swift */ = {isa = PBXFileReference; lastKnownFileType = sourcecode.swift; path = ViewControllerTableViewCell.swift; sourceTree = "<group>"; };
		CEB7943B21E65DA80067C1AF /* GasApp.app */ = {isa = PBXFileReference; explicitFileType = wrapper.application; includeInIndex = 0; path = GasApp.app; sourceTree = BUILT_PRODUCTS_DIR; };
		CEB7943E21E65DA80067C1AF /* AppDelegate.swift */ = {isa = PBXFileReference; lastKnownFileType = sourcecode.swift; path = AppDelegate.swift; sourceTree = "<group>"; };
		CEB7944021E65DA80067C1AF /* ViewController.swift */ = {isa = PBXFileReference; lastKnownFileType = sourcecode.swift; path = ViewController.swift; sourceTree = "<group>"; };
		CEB7944321E65DA80067C1AF /* Base */ = {isa = PBXFileReference; lastKnownFileType = file.storyboard; name = Base; path = Base.lproj/Main.storyboard; sourceTree = "<group>"; };
		CEB7944521E65DA80067C1AF /* Assets.xcassets */ = {isa = PBXFileReference; lastKnownFileType = folder.assetcatalog; path = Assets.xcassets; sourceTree = "<group>"; };
		CEB7944821E65DA80067C1AF /* Base */ = {isa = PBXFileReference; lastKnownFileType = file.storyboard; name = Base; path = Base.lproj/LaunchScreen.storyboard; sourceTree = "<group>"; };
		CEB7944A21E65DA90067C1AF /* Info.plist */ = {isa = PBXFileReference; lastKnownFileType = text.plist.xml; path = Info.plist; sourceTree = "<group>"; };
		CEB7944F21E65DA90067C1AF /* GasAppTests.xctest */ = {isa = PBXFileReference; explicitFileType = wrapper.cfbundle; includeInIndex = 0; path = GasAppTests.xctest; sourceTree = BUILT_PRODUCTS_DIR; };
		CEB7945321E65DA90067C1AF /* GasAppTests.swift */ = {isa = PBXFileReference; lastKnownFileType = sourcecode.swift; path = GasAppTests.swift; sourceTree = "<group>"; };
		CEB7945521E65DA90067C1AF /* Info.plist */ = {isa = PBXFileReference; lastKnownFileType = text.plist.xml; path = Info.plist; sourceTree = "<group>"; };
		CEB7945A21E65DA90067C1AF /* GasAppUITests.xctest */ = {isa = PBXFileReference; explicitFileType = wrapper.cfbundle; includeInIndex = 0; path = GasAppUITests.xctest; sourceTree = BUILT_PRODUCTS_DIR; };
		CEB7945E21E65DA90067C1AF /* GasAppUITests.swift */ = {isa = PBXFileReference; lastKnownFileType = sourcecode.swift; path = GasAppUITests.swift; sourceTree = "<group>"; };
		CEB7946021E65DA90067C1AF /* Info.plist */ = {isa = PBXFileReference; lastKnownFileType = text.plist.xml; path = Info.plist; sourceTree = "<group>"; };
		CEB7946C21E6679E0067C1AF /* SignInViewController.swift */ = {isa = PBXFileReference; lastKnownFileType = sourcecode.swift; path = SignInViewController.swift; sourceTree = "<group>"; };
		CEB7946E21E672270067C1AF /* RegisterViewController.swift */ = {isa = PBXFileReference; lastKnownFileType = sourcecode.swift; path = RegisterViewController.swift; sourceTree = "<group>"; };
		CEB7947021E7A9F60067C1AF /* OrderGasViewController.swift */ = {isa = PBXFileReference; lastKnownFileType = sourcecode.swift; path = OrderGasViewController.swift; sourceTree = "<group>"; };
		DCA71A61ADD2DF90E28EE647 /* Pods_GasAppUITests.framework */ = {isa = PBXFileReference; explicitFileType = wrapper.framework; includeInIndex = 0; path = Pods_GasAppUITests.framework; sourceTree = BUILT_PRODUCTS_DIR; };
		F6F3B393421FE6E28C84F131 /* Pods-GasAppUITests.debug.xcconfig */ = {isa = PBXFileReference; includeInIndex = 1; lastKnownFileType = text.xcconfig; name = "Pods-GasAppUITests.debug.xcconfig"; path = "Pods/Target Support Files/Pods-GasAppUITests/Pods-GasAppUITests.debug.xcconfig"; sourceTree = "<group>"; };
/* End PBXFileReference section */

/* Begin PBXFrameworksBuildPhase section */
		CEB7943821E65DA80067C1AF /* Frameworks */ = {
			isa = PBXFrameworksBuildPhase;
			buildActionMask = 2147483647;
			files = (
				1E75400488C7BC56970FCECB /* Pods_GasApp.framework in Frameworks */,
			);
			runOnlyForDeploymentPostprocessing = 0;
		};
		CEB7944C21E65DA90067C1AF /* Frameworks */ = {
			isa = PBXFrameworksBuildPhase;
			buildActionMask = 2147483647;
			files = (
				78585E1EBF14E470B984AC4A /* Pods_GasAppTests.framework in Frameworks */,
			);
			runOnlyForDeploymentPostprocessing = 0;
		};
		CEB7945721E65DA90067C1AF /* Frameworks */ = {
			isa = PBXFrameworksBuildPhase;
			buildActionMask = 2147483647;
			files = (
				5C17B1B1C45C9091255C8D6E /* Pods_GasAppUITests.framework in Frameworks */,
			);
			runOnlyForDeploymentPostprocessing = 0;
		};
/* End PBXFrameworksBuildPhase section */

/* Begin PBXGroup section */
		2CBBD7FE44ABBDE0771068D2 /* Pods */ = {
			isa = PBXGroup;
			children = (
				2AA36D05E828881BD9A58815 /* Pods-GasApp.debug.xcconfig */,
				37B75E370DDC935765B030E9 /* Pods-GasApp.release.xcconfig */,
				75A130F76F1A590D6557A7CF /* Pods-GasAppTests.debug.xcconfig */,
				15F1D67AA01291CFAA7EB713 /* Pods-GasAppTests.release.xcconfig */,
				F6F3B393421FE6E28C84F131 /* Pods-GasAppUITests.debug.xcconfig */,
				BC36995B2315F5D3D4F0AEA9 /* Pods-GasAppUITests.release.xcconfig */,
			);
			name = Pods;
			sourceTree = "<group>";
		};
		A8955FFA0574C9CF295D6697 /* Frameworks */ = {
			isa = PBXGroup;
			children = (
				3C4FD36AF534DDE6863F5EFB /* Pods_GasApp.framework */,
				5B6D4C17A13C0378139917DB /* Pods_GasAppTests.framework */,
				DCA71A61ADD2DF90E28EE647 /* Pods_GasAppUITests.framework */,
			);
			name = Frameworks;
			sourceTree = "<group>";
		};
		CEB7943221E65DA80067C1AF = {
			isa = PBXGroup;
			children = (
				CEB7943D21E65DA80067C1AF /* GasApp */,
				CEB7945221E65DA90067C1AF /* GasAppTests */,
				CEB7945D21E65DA90067C1AF /* GasAppUITests */,
				CEB7943C21E65DA80067C1AF /* Products */,
				2CBBD7FE44ABBDE0771068D2 /* Pods */,
				A8955FFA0574C9CF295D6697 /* Frameworks */,
			);
			sourceTree = "<group>";
		};
		CEB7943C21E65DA80067C1AF /* Products */ = {
			isa = PBXGroup;
			children = (
				CEB7943B21E65DA80067C1AF /* GasApp.app */,
				CEB7944F21E65DA90067C1AF /* GasAppTests.xctest */,
				CEB7945A21E65DA90067C1AF /* GasAppUITests.xctest */,
			);
			name = Products;
			sourceTree = "<group>";
		};
		CEB7943D21E65DA80067C1AF /* GasApp */ = {
			isa = PBXGroup;
			children = (
				CEB7946C21E6679E0067C1AF /* SignInViewController.swift */,
				CEB7946E21E672270067C1AF /* RegisterViewController.swift */,
				CEB7947021E7A9F60067C1AF /* OrderGasViewController.swift */,
				CEB7943E21E65DA80067C1AF /* AppDelegate.swift */,
				CEB7944021E65DA80067C1AF /* ViewController.swift */,
				CE799F1A21EA26550010F67C /* ViewControllerTableViewCell.swift */,
				CEB7944221E65DA80067C1AF /* Main.storyboard */,
				CEB7944521E65DA80067C1AF /* Assets.xcassets */,
				CEB7944721E65DA80067C1AF /* LaunchScreen.storyboard */,
				CE799F1621EA259F0010F67C /* images-2.png */,
				CE799F1421EA259E0010F67C /* images-3.png */,
				CE799F1521EA259E0010F67C /* images.png */,
				CEB7944A21E65DA90067C1AF /* Info.plist */,
			);
			path = GasApp;
			sourceTree = "<group>";
		};
		CEB7945221E65DA90067C1AF /* GasAppTests */ = {
			isa = PBXGroup;
			children = (
				CEB7945321E65DA90067C1AF /* GasAppTests.swift */,
				CEB7945521E65DA90067C1AF /* Info.plist */,
			);
			path = GasAppTests;
			sourceTree = "<group>";
		};
		CEB7945D21E65DA90067C1AF /* GasAppUITests */ = {
			isa = PBXGroup;
			children = (
				CEB7945E21E65DA90067C1AF /* GasAppUITests.swift */,
				CEB7946021E65DA90067C1AF /* Info.plist */,
			);
			path = GasAppUITests;
			sourceTree = "<group>";
		};
/* End PBXGroup section */

/* Begin PBXNativeTarget section */
		CEB7943A21E65DA80067C1AF /* GasApp */ = {
			isa = PBXNativeTarget;
			buildConfigurationList = CEB7946321E65DA90067C1AF /* Build configuration list for PBXNativeTarget "GasApp" */;
			buildPhases = (
				F279A9945996F852876DF501 /* [CP] Check Pods Manifest.lock */,
				CEB7943721E65DA80067C1AF /* Sources */,
				CEB7943821E65DA80067C1AF /* Frameworks */,
				CEB7943921E65DA80067C1AF /* Resources */,
				BDC605A22E45160C83915EE7 /* [CP] Embed Pods Frameworks */,
			);
			buildRules = (
			);
			dependencies = (
			);
			name = GasApp;
			productName = GasApp;
			productReference = CEB7943B21E65DA80067C1AF /* GasApp.app */;
			productType = "com.apple.product-type.application";
		};
		CEB7944E21E65DA90067C1AF /* GasAppTests */ = {
			isa = PBXNativeTarget;
			buildConfigurationList = CEB7946621E65DA90067C1AF /* Build configuration list for PBXNativeTarget "GasAppTests" */;
			buildPhases = (
				20853DDCCCD059E394D3BA98 /* [CP] Check Pods Manifest.lock */,
				CEB7944B21E65DA90067C1AF /* Sources */,
				CEB7944C21E65DA90067C1AF /* Frameworks */,
				CEB7944D21E65DA90067C1AF /* Resources */,
			);
			buildRules = (
			);
			dependencies = (
				CEB7945121E65DA90067C1AF /* PBXTargetDependency */,
			);
			name = GasAppTests;
			productName = GasAppTests;
			productReference = CEB7944F21E65DA90067C1AF /* GasAppTests.xctest */;
			productType = "com.apple.product-type.bundle.unit-test";
		};
		CEB7945921E65DA90067C1AF /* GasAppUITests */ = {
			isa = PBXNativeTarget;
			buildConfigurationList = CEB7946921E65DA90067C1AF /* Build configuration list for PBXNativeTarget "GasAppUITests" */;
			buildPhases = (
				321BB651D83C1909F5A24D5B /* [CP] Check Pods Manifest.lock */,
				CEB7945621E65DA90067C1AF /* Sources */,
				CEB7945721E65DA90067C1AF /* Frameworks */,
				CEB7945821E65DA90067C1AF /* Resources */,
			);
			buildRules = (
			);
			dependencies = (
				CEB7945C21E65DA90067C1AF /* PBXTargetDependency */,
			);
			name = GasAppUITests;
			productName = GasAppUITests;
			productReference = CEB7945A21E65DA90067C1AF /* GasAppUITests.xctest */;
			productType = "com.apple.product-type.bundle.ui-testing";
		};
/* End PBXNativeTarget section */

/* Begin PBXProject section */
		CEB7943321E65DA80067C1AF /* Project object */ = {
			isa = PBXProject;
			attributes = {
				LastSwiftUpdateCheck = 0940;
				LastUpgradeCheck = 0940;
				ORGANIZATIONNAME = Qodehub;
				TargetAttributes = {
					CEB7943A21E65DA80067C1AF = {
						CreatedOnToolsVersion = 9.4.1;
					};
					CEB7944E21E65DA90067C1AF = {
						CreatedOnToolsVersion = 9.4.1;
						TestTargetID = CEB7943A21E65DA80067C1AF;
					};
					CEB7945921E65DA90067C1AF = {
						CreatedOnToolsVersion = 9.4.1;
						TestTargetID = CEB7943A21E65DA80067C1AF;
					};
				};
			};
			buildConfigurationList = CEB7943621E65DA80067C1AF /* Build configuration list for PBXProject "GasApp" */;
			compatibilityVersion = "Xcode 9.3";
			developmentRegion = en;
			hasScannedForEncodings = 0;
			knownRegions = (
				en,
				Base,
			);
			mainGroup = CEB7943221E65DA80067C1AF;
			productRefGroup = CEB7943C21E65DA80067C1AF /* Products */;
			projectDirPath = "";
			projectRoot = "";
			targets = (
				CEB7943A21E65DA80067C1AF /* GasApp */,
				CEB7944E21E65DA90067C1AF /* GasAppTests */,
				CEB7945921E65DA90067C1AF /* GasAppUITests */,
			);
		};
/* End PBXProject section */

/* Begin PBXResourcesBuildPhase section */
		CEB7943921E65DA80067C1AF /* Resources */ = {
			isa = PBXResourcesBuildPhase;
			buildActionMask = 2147483647;
			files = (
				CE799F1921EA259F0010F67C /* images-2.png in Resources */,
				CEB7944921E65DA80067C1AF /* LaunchScreen.storyboard in Resources */,
				CE799F1821EA259F0010F67C /* images.png in Resources */,
				CE799F1721EA259F0010F67C /* images-3.png in Resources */,
				CEB7944621E65DA80067C1AF /* Assets.xcassets in Resources */,
				CEB7944421E65DA80067C1AF /* Main.storyboard in Resources */,
			);
			runOnlyForDeploymentPostprocessing = 0;
		};
		CEB7944D21E65DA90067C1AF /* Resources */ = {
			isa = PBXResourcesBuildPhase;
			buildActionMask = 2147483647;
			files = (
			);
			runOnlyForDeploymentPostprocessing = 0;
		};
		CEB7945821E65DA90067C1AF /* Resources */ = {
			isa = PBXResourcesBuildPhase;
			buildActionMask = 2147483647;
			files = (
			);
			runOnlyForDeploymentPostprocessing = 0;
		};
/* End PBXResourcesBuildPhase section */

/* Begin PBXShellScriptBuildPhase section */
		20853DDCCCD059E394D3BA98 /* [CP] Check Pods Manifest.lock */ = {
			isa = PBXShellScriptBuildPhase;
			buildActionMask = 2147483647;
			files = (
			);
			inputFileListPaths = (
			);
			inputPaths = (
				"${PODS_PODFILE_DIR_PATH}/Podfile.lock",
				"${PODS_ROOT}/Manifest.lock",
			);
			name = "[CP] Check Pods Manifest.lock";
			outputFileListPaths = (
			);
			outputPaths = (
				"$(DERIVED_FILE_DIR)/Pods-GasAppTests-checkManifestLockResult.txt",
			);
			runOnlyForDeploymentPostprocessing = 0;
			shellPath = /bin/sh;
			shellScript = "diff \"${PODS_PODFILE_DIR_PATH}/Podfile.lock\" \"${PODS_ROOT}/Manifest.lock\" > /dev/null\nif [ $? != 0 ] ; then\n    # print error to STDERR\n    echo \"error: The sandbox is not in sync with the Podfile.lock. Run 'pod install' or update your CocoaPods installation.\" >&2\n    exit 1\nfi\n# This output is used by Xcode 'outputs' to avoid re-running this script phase.\necho \"SUCCESS\" > \"${SCRIPT_OUTPUT_FILE_0}\"\n";
			showEnvVarsInLog = 0;
		};
		321BB651D83C1909F5A24D5B /* [CP] Check Pods Manifest.lock */ = {
			isa = PBXShellScriptBuildPhase;
			buildActionMask = 2147483647;
			files = (
			);
			inputFileListPaths = (
			);
			inputPaths = (
				"${PODS_PODFILE_DIR_PATH}/Podfile.lock",
				"${PODS_ROOT}/Manifest.lock",
			);
			name = "[CP] Check Pods Manifest.lock";
			outputFileListPaths = (
			);
			outputPaths = (
				"$(DERIVED_FILE_DIR)/Pods-GasAppUITests-checkManifestLockResult.txt",
			);
			runOnlyForDeploymentPostprocessing = 0;
			shellPath = /bin/sh;
			shellScript = "diff \"${PODS_PODFILE_DIR_PATH}/Podfile.lock\" \"${PODS_ROOT}/Manifest.lock\" > /dev/null\nif [ $? != 0 ] ; then\n    # print error to STDERR\n    echo \"error: The sandbox is not in sync with the Podfile.lock. Run 'pod install' or update your CocoaPods installation.\" >&2\n    exit 1\nfi\n# This output is used by Xcode 'outputs' to avoid re-running this script phase.\necho \"SUCCESS\" > \"${SCRIPT_OUTPUT_FILE_0}\"\n";
			showEnvVarsInLog = 0;
		};
		BDC605A22E45160C83915EE7 /* [CP] Embed Pods Frameworks */ = {
			isa = PBXShellScriptBuildPhase;
			buildActionMask = 2147483647;
			files = (
			);
			inputFileListPaths = (
			);
			inputPaths = (
				"${SRCROOT}/Pods/Target Support Files/Pods-GasApp/Pods-GasApp-frameworks.sh",
				"${BUILT_PRODUCTS_DIR}/Alamofire/Alamofire.framework",
				"${BUILT_PRODUCTS_DIR}/SwiftyJSON/SwiftyJSON.framework",
			);
			name = "[CP] Embed Pods Frameworks";
			outputFileListPaths = (
			);
			outputPaths = (
				"${TARGET_BUILD_DIR}/${FRAMEWORKS_FOLDER_PATH}/Alamofire.framework",
				"${TARGET_BUILD_DIR}/${FRAMEWORKS_FOLDER_PATH}/SwiftyJSON.framework",
			);
			runOnlyForDeploymentPostprocessing = 0;
			shellPath = /bin/sh;
			shellScript = "\"${SRCROOT}/Pods/Target Support Files/Pods-GasApp/Pods-GasApp-frameworks.sh\"\n";
			showEnvVarsInLog = 0;
		};
		F279A9945996F852876DF501 /* [CP] Check Pods Manifest.lock */ = {
			isa = PBXShellScriptBuildPhase;
			buildActionMask = 2147483647;
			files = (
			);
			inputFileListPaths = (
			);
			inputPaths = (
				"${PODS_PODFILE_DIR_PATH}/Podfile.lock",
				"${PODS_ROOT}/Manifest.lock",
			);
			name = "[CP] Check Pods Manifest.lock";
			outputFileListPaths = (
			);
			outputPaths = (
				"$(DERIVED_FILE_DIR)/Pods-GasApp-checkManifestLockResult.txt",
			);
			runOnlyForDeploymentPostprocessing = 0;
			shellPath = /bin/sh;
			shellScript = "diff \"${PODS_PODFILE_DIR_PATH}/Podfile.lock\" \"${PODS_ROOT}/Manifest.lock\" > /dev/null\nif [ $? != 0 ] ; then\n    # print error to STDERR\n    echo \"error: The sandbox is not in sync with the Podfile.lock. Run 'pod install' or update your CocoaPods installation.\" >&2\n    exit 1\nfi\n# This output is used by Xcode 'outputs' to avoid re-running this script phase.\necho \"SUCCESS\" > \"${SCRIPT_OUTPUT_FILE_0}\"\n";
			showEnvVarsInLog = 0;
		};
/* End PBXShellScriptBuildPhase section */

/* Begin PBXSourcesBuildPhase section */
		CEB7943721E65DA80067C1AF /* Sources */ = {
			isa = PBXSourcesBuildPhase;
			buildActionMask = 2147483647;
			files = (
				CEB7947121E7A9F60067C1AF /* OrderGasViewController.swift in Sources */,
				CEB7944121E65DA80067C1AF /* ViewController.swift in Sources */,
				CE799F1B21EA26550010F67C /* ViewControllerTableViewCell.swift in Sources */,
				CEB7943F21E65DA80067C1AF /* AppDelegate.swift in Sources */,
				CEB7946D21E6679E0067C1AF /* SignInViewController.swift in Sources */,
				CEB7946F21E672270067C1AF /* RegisterViewController.swift in Sources */,
			);
			runOnlyForDeploymentPostprocessing = 0;
		};
		CEB7944B21E65DA90067C1AF /* Sources */ = {
			isa = PBXSourcesBuildPhase;
			buildActionMask = 2147483647;
			files = (
				CEB7945421E65DA90067C1AF /* GasAppTests.swift in Sources */,
			);
			runOnlyForDeploymentPostprocessing = 0;
		};
		CEB7945621E65DA90067C1AF /* Sources */ = {
			isa = PBXSourcesBuildPhase;
			buildActionMask = 2147483647;
			files = (
				CEB7945F21E65DA90067C1AF /* GasAppUITests.swift in Sources */,
			);
			runOnlyForDeploymentPostprocessing = 0;
		};
/* End PBXSourcesBuildPhase section */

/* Begin PBXTargetDependency section */
		CEB7945121E65DA90067C1AF /* PBXTargetDependency */ = {
			isa = PBXTargetDependency;
			target = CEB7943A21E65DA80067C1AF /* GasApp */;
			targetProxy = CEB7945021E65DA90067C1AF /* PBXContainerItemProxy */;
		};
		CEB7945C21E65DA90067C1AF /* PBXTargetDependency */ = {
			isa = PBXTargetDependency;
			target = CEB7943A21E65DA80067C1AF /* GasApp */;
			targetProxy = CEB7945B21E65DA90067C1AF /* PBXContainerItemProxy */;
		};
/* End PBXTargetDependency section */

/* Begin PBXVariantGroup section */
		CEB7944221E65DA80067C1AF /* Main.storyboard */ = {
			isa = PBXVariantGroup;
			children = (
				CEB7944321E65DA80067C1AF /* Base */,
			);
			name = Main.storyboard;
			sourceTree = "<group>";
		};
		CEB7944721E65DA80067C1AF /* LaunchScreen.storyboard */ = {
			isa = PBXVariantGroup;
			children = (
				CEB7944821E65DA80067C1AF /* Base */,
			);
			name = LaunchScreen.storyboard;
			sourceTree = "<group>";
		};
/* End PBXVariantGroup section */

/* Begin XCBuildConfiguration section */
		CEB7946121E65DA90067C1AF /* Debug */ = {
			isa = XCBuildConfiguration;
			buildSettings = {
				ALWAYS_SEARCH_USER_PATHS = NO;
				CLANG_ANALYZER_NONNULL = YES;
				CLANG_ANALYZER_NUMBER_OBJECT_CONVERSION = YES_AGGRESSIVE;
				CLANG_CXX_LANGUAGE_STANDARD = "gnu++14";
				CLANG_CXX_LIBRARY = "libc++";
				CLANG_ENABLE_MODULES = YES;
				CLANG_ENABLE_OBJC_ARC = YES;
				CLANG_ENABLE_OBJC_WEAK = YES;
				CLANG_WARN_BLOCK_CAPTURE_AUTORELEASING = YES;
				CLANG_WARN_BOOL_CONVERSION = YES;
				CLANG_WARN_COMMA = YES;
				CLANG_WARN_CONSTANT_CONVERSION = YES;
				CLANG_WARN_DEPRECATED_OBJC_IMPLEMENTATIONS = YES;
				CLANG_WARN_DIRECT_OBJC_ISA_USAGE = YES_ERROR;
				CLANG_WARN_DOCUMENTATION_COMMENTS = YES;
				CLANG_WARN_EMPTY_BODY = YES;
				CLANG_WARN_ENUM_CONVERSION = YES;
				CLANG_WARN_INFINITE_RECURSION = YES;
				CLANG_WARN_INT_CONVERSION = YES;
				CLANG_WARN_NON_LITERAL_NULL_CONVERSION = YES;
				CLANG_WARN_OBJC_IMPLICIT_RETAIN_SELF = YES;
				CLANG_WARN_OBJC_LITERAL_CONVERSION = YES;
				CLANG_WARN_OBJC_ROOT_CLASS = YES_ERROR;
				CLANG_WARN_RANGE_LOOP_ANALYSIS = YES;
				CLANG_WARN_STRICT_PROTOTYPES = YES;
				CLANG_WARN_SUSPICIOUS_MOVE = YES;
				CLANG_WARN_UNGUARDED_AVAILABILITY = YES_AGGRESSIVE;
				CLANG_WARN_UNREACHABLE_CODE = YES;
				CLANG_WARN__DUPLICATE_METHOD_MATCH = YES;
				CODE_SIGN_IDENTITY = "iPhone Developer";
				COPY_PHASE_STRIP = NO;
				DEBUG_INFORMATION_FORMAT = dwarf;
				ENABLE_STRICT_OBJC_MSGSEND = YES;
				ENABLE_TESTABILITY = YES;
				GCC_C_LANGUAGE_STANDARD = gnu11;
				GCC_DYNAMIC_NO_PIC = NO;
				GCC_NO_COMMON_BLOCKS = YES;
				GCC_OPTIMIZATION_LEVEL = 0;
				GCC_PREPROCESSOR_DEFINITIONS = (
					"DEBUG=1",
					"$(inherited)",
				);
				GCC_WARN_64_TO_32_BIT_CONVERSION = YES;
				GCC_WARN_ABOUT_RETURN_TYPE = YES_ERROR;
				GCC_WARN_UNDECLARED_SELECTOR = YES;
				GCC_WARN_UNINITIALIZED_AUTOS = YES_AGGRESSIVE;
				GCC_WARN_UNUSED_FUNCTION = YES;
				GCC_WARN_UNUSED_VARIABLE = YES;
				IPHONEOS_DEPLOYMENT_TARGET = 11.4;
				MTL_ENABLE_DEBUG_INFO = YES;
				ONLY_ACTIVE_ARCH = YES;
				SDKROOT = iphoneos;
				SWIFT_ACTIVE_COMPILATION_CONDITIONS = DEBUG;
				SWIFT_OPTIMIZATION_LEVEL = "-Onone";
			};
			name = Debug;
		};
		CEB7946221E65DA90067C1AF /* Release */ = {
			isa = XCBuildConfiguration;
			buildSettings = {
				ALWAYS_SEARCH_USER_PATHS = NO;
				CLANG_ANALYZER_NONNULL = YES;
				CLANG_ANALYZER_NUMBER_OBJECT_CONVERSION = YES_AGGRESSIVE;
				CLANG_CXX_LANGUAGE_STANDARD = "gnu++14";
				CLANG_CXX_LIBRARY = "libc++";
				CLANG_ENABLE_MODULES = YES;
				CLANG_ENABLE_OBJC_ARC = YES;
				CLANG_ENABLE_OBJC_WEAK = YES;
				CLANG_WARN_BLOCK_CAPTURE_AUTORELEASING = YES;
				CLANG_WARN_BOOL_CONVERSION = YES;
				CLANG_WARN_COMMA = YES;
				CLANG_WARN_CONSTANT_CONVERSION = YES;
				CLANG_WARN_DEPRECATED_OBJC_IMPLEMENTATIONS = YES;
				CLANG_WARN_DIRECT_OBJC_ISA_USAGE = YES_ERROR;
				CLANG_WARN_DOCUMENTATION_COMMENTS = YES;
				CLANG_WARN_EMPTY_BODY = YES;
				CLANG_WARN_ENUM_CONVERSION = YES;
				CLANG_WARN_INFINITE_RECURSION = YES;
				CLANG_WARN_INT_CONVERSION = YES;
				CLANG_WARN_NON_LITERAL_NULL_CONVERSION = YES;
				CLANG_WARN_OBJC_IMPLICIT_RETAIN_SELF = YES;
				CLANG_WARN_OBJC_LITERAL_CONVERSION = YES;
				CLANG_WARN_OBJC_ROOT_CLASS = YES_ERROR;
				CLANG_WARN_RANGE_LOOP_ANALYSIS = YES;
				CLANG_WARN_STRICT_PROTOTYPES = YES;
				CLANG_WARN_SUSPICIOUS_MOVE = YES;
				CLANG_WARN_UNGUARDED_AVAILABILITY = YES_AGGRESSIVE;
				CLANG_WARN_UNREACHABLE_CODE = YES;
				CLANG_WARN__DUPLICATE_METHOD_MATCH = YES;
				CODE_SIGN_IDENTITY = "iPhone Developer";
				COPY_PHASE_STRIP = NO;
				DEBUG_INFORMATION_FORMAT = "dwarf-with-dsym";
				ENABLE_NS_ASSERTIONS = NO;
				ENABLE_STRICT_OBJC_MSGSEND = YES;
				GCC_C_LANGUAGE_STANDARD = gnu11;
				GCC_NO_COMMON_BLOCKS = YES;
				GCC_WARN_64_TO_32_BIT_CONVERSION = YES;
				GCC_WARN_ABOUT_RETURN_TYPE = YES_ERROR;
				GCC_WARN_UNDECLARED_SELECTOR = YES;
				GCC_WARN_UNINITIALIZED_AUTOS = YES_AGGRESSIVE;
				GCC_WARN_UNUSED_FUNCTION = YES;
				GCC_WARN_UNUSED_VARIABLE = YES;
				IPHONEOS_DEPLOYMENT_TARGET = 11.4;
				MTL_ENABLE_DEBUG_INFO = NO;
				SDKROOT = iphoneos;
				SWIFT_COMPILATION_MODE = wholemodule;
				SWIFT_OPTIMIZATION_LEVEL = "-O";
				VALIDATE_PRODUCT = YES;
			};
			name = Release;
		};
		CEB7946421E65DA90067C1AF /* Debug */ = {
			isa = XCBuildConfiguration;
			baseConfigurationReference = 2AA36D05E828881BD9A58815 /* Pods-GasApp.debug.xcconfig */;
			buildSettings = {
				ASSETCATALOG_COMPILER_APPICON_NAME = AppIcon;
				CODE_SIGN_STYLE = Automatic;
				DEVELOPMENT_TEAM = 6L3P74R5AC;
				INFOPLIST_FILE = GasApp/Info.plist;
				LD_RUNPATH_SEARCH_PATHS = (
					"$(inherited)",
					"@executable_path/Frameworks",
				);
				PRODUCT_BUNDLE_IDENTIFIER = com.qodehub.GasApp;
				PRODUCT_NAME = "$(TARGET_NAME)";
				SWIFT_VERSION = 4.0;
				TARGETED_DEVICE_FAMILY = "1,2";
			};
			name = Debug;
		};
		CEB7946521E65DA90067C1AF /* Release */ = {
			isa = XCBuildConfiguration;
			baseConfigurationReference = 37B75E370DDC935765B030E9 /* Pods-GasApp.release.xcconfig */;
			buildSettings = {
				ASSETCATALOG_COMPILER_APPICON_NAME = AppIcon;
				CODE_SIGN_STYLE = Automatic;
				DEVELOPMENT_TEAM = 6L3P74R5AC;
				INFOPLIST_FILE = GasApp/Info.plist;
				LD_RUNPATH_SEARCH_PATHS = (
					"$(inherited)",
					"@executable_path/Frameworks",
				);
				PRODUCT_BUNDLE_IDENTIFIER = com.qodehub.GasApp;
				PRODUCT_NAME = "$(TARGET_NAME)";
				SWIFT_VERSION = 4.0;
				TARGETED_DEVICE_FAMILY = "1,2";
			};
			name = Release;
		};
		CEB7946721E65DA90067C1AF /* Debug */ = {
			isa = XCBuildConfiguration;
			baseConfigurationReference = 75A130F76F1A590D6557A7CF /* Pods-GasAppTests.debug.xcconfig */;
			buildSettings = {
				ALWAYS_EMBED_SWIFT_STANDARD_LIBRARIES = YES;
				BUNDLE_LOADER = "$(TEST_HOST)";
				CODE_SIGN_STYLE = Automatic;
				DEVELOPMENT_TEAM = 6L3P74R5AC;
				INFOPLIST_FILE = GasAppTests/Info.plist;
				LD_RUNPATH_SEARCH_PATHS = (
					"$(inherited)",
					"@executable_path/Frameworks",
					"@loader_path/Frameworks",
				);
				PRODUCT_BUNDLE_IDENTIFIER = com.qodehub.GasAppTests;
				PRODUCT_NAME = "$(TARGET_NAME)";
				SWIFT_VERSION = 4.0;
				TARGETED_DEVICE_FAMILY = "1,2";
				TEST_HOST = "$(BUILT_PRODUCTS_DIR)/GasApp.app/GasApp";
			};
			name = Debug;
		};
		CEB7946821E65DA90067C1AF /* Release */ = {
			isa = XCBuildConfiguration;
			baseConfigurationReference = 15F1D67AA01291CFAA7EB713 /* Pods-GasAppTests.release.xcconfig */;
			buildSettings = {
				ALWAYS_EMBED_SWIFT_STANDARD_LIBRARIES = YES;
				BUNDLE_LOADER = "$(TEST_HOST)";
				CODE_SIGN_STYLE = Automatic;
				DEVELOPMENT_TEAM = 6L3P74R5AC;
				INFOPLIST_FILE = GasAppTests/Info.plist;
				LD_RUNPATH_SEARCH_PATHS = (
					"$(inherited)",
					"@executable_path/Frameworks",
					"@loader_path/Frameworks",
				);
				PRODUCT_BUNDLE_IDENTIFIER = com.qodehub.GasAppTests;
				PRODUCT_NAME = "$(TARGET_NAME)";
				SWIFT_VERSION = 4.0;
				TARGETED_DEVICE_FAMILY = "1,2";
				TEST_HOST = "$(BUILT_PRODUCTS_DIR)/GasApp.app/GasApp";
			};
			name = Release;
		};
		CEB7946A21E65DA90067C1AF /* Debug */ = {
			isa = XCBuildConfiguration;
			baseConfigurationReference = F6F3B393421FE6E28C84F131 /* Pods-GasAppUITests.debug.xcconfig */;
			buildSettings = {
				ALWAYS_EMBED_SWIFT_STANDARD_LIBRARIES = YES;
				CODE_SIGN_STYLE = Automatic;
				DEVELOPMENT_TEAM = 6L3P74R5AC;
				INFOPLIST_FILE = GasAppUITests/Info.plist;
				LD_RUNPATH_SEARCH_PATHS = (
					"$(inherited)",
					"@executable_path/Frameworks",
					"@loader_path/Frameworks",
				);
				PRODUCT_BUNDLE_IDENTIFIER = com.qodehub.GasAppUITests;
				PRODUCT_NAME = "$(TARGET_NAME)";
				SWIFT_VERSION = 4.0;
				TARGETED_DEVICE_FAMILY = "1,2";
				TEST_TARGET_NAME = GasApp;
			};
			name = Debug;
		};
		CEB7946B21E65DA90067C1AF /* Release */ = {
			isa = XCBuildConfiguration;
			baseConfigurationReference = BC36995B2315F5D3D4F0AEA9 /* Pods-GasAppUITests.release.xcconfig */;
			buildSettings = {
				ALWAYS_EMBED_SWIFT_STANDARD_LIBRARIES = YES;
				CODE_SIGN_STYLE = Automatic;
				DEVELOPMENT_TEAM = 6L3P74R5AC;
				INFOPLIST_FILE = GasAppUITests/Info.plist;
				LD_RUNPATH_SEARCH_PATHS = (
					"$(inherited)",
					"@executable_path/Frameworks",
					"@loader_path/Frameworks",
				);
				PRODUCT_BUNDLE_IDENTIFIER = com.qodehub.GasAppUITests;
				PRODUCT_NAME = "$(TARGET_NAME)";
				SWIFT_VERSION = 4.0;
				TARGETED_DEVICE_FAMILY = "1,2";
				TEST_TARGET_NAME = GasApp;
			};
			name = Release;
		};
/* End XCBuildConfiguration section */

/* Begin XCConfigurationList section */
		CEB7943621E65DA80067C1AF /* Build configuration list for PBXProject "GasApp" */ = {
			isa = XCConfigurationList;
			buildConfigurations = (
				CEB7946121E65DA90067C1AF /* Debug */,
				CEB7946221E65DA90067C1AF /* Release */,
			);
			defaultConfigurationIsVisible = 0;
			defaultConfigurationName = Release;
		};
		CEB7946321E65DA90067C1AF /* Build configuration list for PBXNativeTarget "GasApp" */ = {
			isa = XCConfigurationList;
			buildConfigurations = (
				CEB7946421E65DA90067C1AF /* Debug */,
				CEB7946521E65DA90067C1AF /* Release */,
			);
			defaultConfigurationIsVisible = 0;
			defaultConfigurationName = Release;
		};
		CEB7946621E65DA90067C1AF /* Build configuration list for PBXNativeTarget "GasAppTests" */ = {
			isa = XCConfigurationList;
			buildConfigurations = (
				CEB7946721E65DA90067C1AF /* Debug */,
				CEB7946821E65DA90067C1AF /* Release */,
			);
			defaultConfigurationIsVisible = 0;
			defaultConfigurationName = Release;
		};
		CEB7946921E65DA90067C1AF /* Build configuration list for PBXNativeTarget "GasAppUITests" */ = {
			isa = XCConfigurationList;
			buildConfigurations = (
				CEB7946A21E65DA90067C1AF /* Debug */,
				CEB7946B21E65DA90067C1AF /* Release */,
			);
			defaultConfigurationIsVisible = 0;
			defaultConfigurationName = Release;
		};
/* End XCConfigurationList section */
	};
	rootObject = CEB7943321E65DA80067C1AF /* Project object */;
}
